
Microsoft Visual Studio Solution File, Format Version 12.00
# Visual Studio Version 17
VisualStudioVersion = 17.7.34202.233
MinimumVisualStudioVersion = 10.0.40219.1
Project("{FAE04EC0-301F-11D3-BF4B-00C04F79EFBC}") = "SwitchKullanımı", "SwitchKullanımı\SwitchKullanımı.csproj", "{BACED456-D6EE-4457-A1C7-B3FF02506956}"
EndProject
Project("{FAE04EC0-301F-11D3-BF4B-00C04F79EFBC}") = "SwitchAlıştırma", "SwitchAlıştırma\SwitchAlıştırma.csproj", "{4BD247D4-BB2A-4A0A-918F-749DF886DA9C}"
EndProject
Global
	GlobalSection(SolutionConfigurationPlatforms) = preSolution
		Debug|Any CPU = Debug|Any CPU
		Release|Any CPU = Release|Any CPU
	EndGlobalSection
	GlobalSection(ProjectConfigurationPlatforms) = postSolution
		{BACED456-D6EE-4457-A1C7-B3FF02506956}.Debug|Any CPU.ActiveCfg = Debug|Any CPU
		{BACED456-D6EE-4457-A1C7-B3FF02506956}.Debug|Any CPU.Build.0 = Debug|Any CPU
		{BACED456-D6EE-4457-A1C7-B3FF02506956}.Release|Any CPU.ActiveCfg = Release|Any CPU
		{BACED456-D6EE-4457-A1C7-B3FF02506956}.Release|Any CPU.Build.0 = Release|Any CPU
		{4BD247D4-BB2A-4A0A-918F-749DF886DA9C}.Debug|Any CPU.ActiveCfg = Debug|Any CPU
		{4BD247D4-BB2A-4A0A-918F-749DF886DA9C}.Debug|Any CPU.Build.0 = Debug|Any CPU
		{4BD247D4-BB2A-4A0A-918F-749DF886DA9C}.Release|Any CPU.ActiveCfg = Release|Any CPU
		{4BD247D4-BB2A-4A0A-918F-749DF886DA9C}.Release|Any CPU.Build.0 = Release|Any CPU
	EndGlobalSection
	GlobalSection(SolutionProperties) = preSolution
		HideSolutionNode = FALSE
	EndGlobalSection
	GlobalSection(ExtensibilityGlobals) = postSolution
		SolutionGuid = {BBBA1922-6B6E-4534-823A-44D658B4DD66}
	EndGlobalSection
EndGlobal
