
Microsoft Visual Studio Solution File, Format Version 12.00
# Visual Studio Version 17
VisualStudioVersion = 17.14.36203.30 d17.14
MinimumVisualStudioVersion = 10.0.40219.1
Project("{FAE04EC0-301F-11D3-BF4B-00C04F79EFBC}") = "EkstraAraclar", "EkstraAraclar\EkstraAraclar.csproj", "{F384BB1C-1C22-4EE4-80E8-543464783D5C}"
EndProject
Global
	GlobalSection(SolutionConfigurationPlatforms) = preSolution
		Debug|Any CPU = Debug|Any CPU
		Release|Any CPU = Release|Any CPU
	EndGlobalSection
	GlobalSection(ProjectConfigurationPlatforms) = postSolution
		{F384BB1C-1C22-4EE4-80E8-543464783D5C}.Debug|Any CPU.ActiveCfg = Debug|Any CPU
		{F384BB1C-1C22-4EE4-80E8-543464783D5C}.Debug|Any CPU.Build.0 = Debug|Any CPU
		{F384BB1C-1C22-4EE4-80E8-543464783D5C}.Release|Any CPU.ActiveCfg = Release|Any CPU
		{F384BB1C-1C22-4EE4-80E8-543464783D5C}.Release|Any CPU.Build.0 = Release|Any CPU
	EndGlobalSection
	GlobalSection(SolutionProperties) = preSolution
		HideSolutionNode = FALSE
	EndGlobalSection
	GlobalSection(ExtensibilityGlobals) = postSolution
		SolutionGuid = {22EEEB72-0FF7-4A5F-8311-542F9E14ABE0}
	EndGlobalSection
EndGlobal
