
Microsoft Visual Studio Solution File, Format Version 12.00
# Visual Studio Version 17
VisualStudioVersion = 17.7.34202.233
MinimumVisualStudioVersion = 10.0.40219.1
Project("{FAE04EC0-301F-11D3-BF4B-00C04F79EFBC}") = "KarşılaştırmaOperatörüKüçükEşittir", "KarşılaştırmaOperatörüKüçükEşittir\KarşılaştırmaOperatörüKüçükEşittir.csproj", "{1B5784F1-C3A5-4700-9B8C-00F71C2D2FD4}"
EndProject
Global
	GlobalSection(SolutionConfigurationPlatforms) = preSolution
		Debug|Any CPU = Debug|Any CPU
		Release|Any CPU = Release|Any CPU
	EndGlobalSection
	GlobalSection(ProjectConfigurationPlatforms) = postSolution
		{1B5784F1-C3A5-4700-9B8C-00F71C2D2FD4}.Debug|Any CPU.ActiveCfg = Debug|Any CPU
		{1B5784F1-C3A5-4700-9B8C-00F71C2D2FD4}.Debug|Any CPU.Build.0 = Debug|Any CPU
		{1B5784F1-C3A5-4700-9B8C-00F71C2D2FD4}.Release|Any CPU.ActiveCfg = Release|Any CPU
		{1B5784F1-C3A5-4700-9B8C-00F71C2D2FD4}.Release|Any CPU.Build.0 = Release|Any CPU
	EndGlobalSection
	GlobalSection(SolutionProperties) = preSolution
		HideSolutionNode = FALSE
	EndGlobalSection
	GlobalSection(ExtensibilityGlobals) = postSolution
		SolutionGuid = {6BAA293F-F9A4-40D3-9089-C9E6264D6C59}
	EndGlobalSection
EndGlobal
