
Microsoft Visual Studio Solution File, Format Version 12.00
# Visual Studio Version 17
VisualStudioVersion = 17.7.34202.233
MinimumVisualStudioVersion = 10.0.40219.1
Project("{FAE04EC0-301F-11D3-BF4B-00C04F79EFBC}") = "alıştırma2", "alıştırma2\alıştırma2.csproj", "{8ABDCA98-2B58-4E55-9A2A-2B705345B928}"
EndProject
Global
	GlobalSection(SolutionConfigurationPlatforms) = preSolution
		Debug|Any CPU = Debug|Any CPU
		Release|Any CPU = Release|Any CPU
	EndGlobalSection
	GlobalSection(ProjectConfigurationPlatforms) = postSolution
		{8ABDCA98-2B58-4E55-9A2A-2B705345B928}.Debug|Any CPU.ActiveCfg = Debug|Any CPU
		{8ABDCA98-2B58-4E55-9A2A-2B705345B928}.Debug|Any CPU.Build.0 = Debug|Any CPU
		{8ABDCA98-2B58-4E55-9A2A-2B705345B928}.Release|Any CPU.ActiveCfg = Release|Any CPU
		{8ABDCA98-2B58-4E55-9A2A-2B705345B928}.Release|Any CPU.Build.0 = Release|Any CPU
	EndGlobalSection
	GlobalSection(SolutionProperties) = preSolution
		HideSolutionNode = FALSE
	EndGlobalSection
	GlobalSection(ExtensibilityGlobals) = postSolution
		SolutionGuid = {CB9117E9-A9A8-4D61-B11A-B635AD2F3179}
	EndGlobalSection
EndGlobal
