
Microsoft Visual Studio Solution File, Format Version 12.00
# Visual Studio Version 17
VisualStudioVersion = 17.7.34202.233
MinimumVisualStudioVersion = 10.0.40219.1
Project("{FAE04EC0-301F-11D3-BF4B-00C04F79EFBC}") = "OperatörAlıştırma1", "OperatörAlıştırma1\OperatörAlıştırma1.csproj", "{7F80C6E0-D1A3-42D2-978F-07F3DAB48103}"
EndProject
Project("{FAE04EC0-301F-11D3-BF4B-00C04F79EFBC}") = "OperatörAlıştırma2", "OperatörAlıştırma2\OperatörAlıştırma2.csproj", "{C29CF2C2-B7C5-43C1-B527-B4533AB82CE4}"
EndProject
Global
	GlobalSection(SolutionConfigurationPlatforms) = preSolution
		Debug|Any CPU = Debug|Any CPU
		Release|Any CPU = Release|Any CPU
	EndGlobalSection
	GlobalSection(ProjectConfigurationPlatforms) = postSolution
		{7F80C6E0-D1A3-42D2-978F-07F3DAB48103}.Debug|Any CPU.ActiveCfg = Debug|Any CPU
		{7F80C6E0-D1A3-42D2-978F-07F3DAB48103}.Debug|Any CPU.Build.0 = Debug|Any CPU
		{7F80C6E0-D1A3-42D2-978F-07F3DAB48103}.Release|Any CPU.ActiveCfg = Release|Any CPU
		{7F80C6E0-D1A3-42D2-978F-07F3DAB48103}.Release|Any CPU.Build.0 = Release|Any CPU
		{C29CF2C2-B7C5-43C1-B527-B4533AB82CE4}.Debug|Any CPU.ActiveCfg = Debug|Any CPU
		{C29CF2C2-B7C5-43C1-B527-B4533AB82CE4}.Debug|Any CPU.Build.0 = Debug|Any CPU
		{C29CF2C2-B7C5-43C1-B527-B4533AB82CE4}.Release|Any CPU.ActiveCfg = Release|Any CPU
		{C29CF2C2-B7C5-43C1-B527-B4533AB82CE4}.Release|Any CPU.Build.0 = Release|Any CPU
	EndGlobalSection
	GlobalSection(SolutionProperties) = preSolution
		HideSolutionNode = FALSE
	EndGlobalSection
	GlobalSection(ExtensibilityGlobals) = postSolution
		SolutionGuid = {5591E838-0ABA-490D-9E68-B4A5D772B06A}
	EndGlobalSection
EndGlobal
