
Microsoft Visual Studio Solution File, Format Version 12.00
# Visual Studio Version 17
VisualStudioVersion = 17.7.34202.233
MinimumVisualStudioVersion = 10.0.40219.1
Project("{FAE04EC0-301F-11D3-BF4B-00C04F79EFBC}") = "DiziÖrnekKullanımları", "DiziÖrnekKullanımları\DiziÖrnekKullanımları.csproj", "{F232612A-AE25-4E98-8973-E82EAA69DC65}"
EndProject
Project("{FAE04EC0-301F-11D3-BF4B-00C04F79EFBC}") = "DiziÖrnekKullanımları2", "DiziÖrnekKullanımları2\DiziÖrnekKullanımları2.csproj", "{1C98C474-1692-4BD2-8C97-1500B292441A}"
EndProject
Project("{FAE04EC0-301F-11D3-BF4B-00C04F79EFBC}") = "DiziÖrnekAlıştırma", "DiziÖrnekAlıştırma\DiziÖrnekAlıştırma.csproj", "{B9869A2D-3725-4957-BB1F-ACD6AC04D486}"
EndProject
Project("{FAE04EC0-301F-11D3-BF4B-00C04F79EFBC}") = "DiziÖrnekAlıştırma2", "DiziÖrnekAlıştırma2\DiziÖrnekAlıştırma2.csproj", "{DCEF10F7-ADF5-44AA-8321-F4754AB86AC2}"
EndProject
Global
	GlobalSection(SolutionConfigurationPlatforms) = preSolution
		Debug|Any CPU = Debug|Any CPU
		Release|Any CPU = Release|Any CPU
	EndGlobalSection
	GlobalSection(ProjectConfigurationPlatforms) = postSolution
		{F232612A-AE25-4E98-8973-E82EAA69DC65}.Debug|Any CPU.ActiveCfg = Debug|Any CPU
		{F232612A-AE25-4E98-8973-E82EAA69DC65}.Debug|Any CPU.Build.0 = Debug|Any CPU
		{F232612A-AE25-4E98-8973-E82EAA69DC65}.Release|Any CPU.ActiveCfg = Release|Any CPU
		{F232612A-AE25-4E98-8973-E82EAA69DC65}.Release|Any CPU.Build.0 = Release|Any CPU
		{1C98C474-1692-4BD2-8C97-1500B292441A}.Debug|Any CPU.ActiveCfg = Debug|Any CPU
		{1C98C474-1692-4BD2-8C97-1500B292441A}.Debug|Any CPU.Build.0 = Debug|Any CPU
		{1C98C474-1692-4BD2-8C97-1500B292441A}.Release|Any CPU.ActiveCfg = Release|Any CPU
		{1C98C474-1692-4BD2-8C97-1500B292441A}.Release|Any CPU.Build.0 = Release|Any CPU
		{B9869A2D-3725-4957-BB1F-ACD6AC04D486}.Debug|Any CPU.ActiveCfg = Debug|Any CPU
		{B9869A2D-3725-4957-BB1F-ACD6AC04D486}.Debug|Any CPU.Build.0 = Debug|Any CPU
		{B9869A2D-3725-4957-BB1F-ACD6AC04D486}.Release|Any CPU.ActiveCfg = Release|Any CPU
		{B9869A2D-3725-4957-BB1F-ACD6AC04D486}.Release|Any CPU.Build.0 = Release|Any CPU
		{DCEF10F7-ADF5-44AA-8321-F4754AB86AC2}.Debug|Any CPU.ActiveCfg = Debug|Any CPU
		{DCEF10F7-ADF5-44AA-8321-F4754AB86AC2}.Debug|Any CPU.Build.0 = Debug|Any CPU
		{DCEF10F7-ADF5-44AA-8321-F4754AB86AC2}.Release|Any CPU.ActiveCfg = Release|Any CPU
		{DCEF10F7-ADF5-44AA-8321-F4754AB86AC2}.Release|Any CPU.Build.0 = Release|Any CPU
	EndGlobalSection
	GlobalSection(SolutionProperties) = preSolution
		HideSolutionNode = FALSE
	EndGlobalSection
	GlobalSection(ExtensibilityGlobals) = postSolution
		SolutionGuid = {6B5F6283-3B43-49AA-9E48-A5B51A67CACF}
	EndGlobalSection
EndGlobal
