
Microsoft Visual Studio Solution File, Format Version 12.00
# Visual Studio Version 17
VisualStudioVersion = 17.7.34202.233
MinimumVisualStudioVersion = 10.0.40219.1
Project("{FAE04EC0-301F-11D3-BF4B-00C04F79EFBC}") = "BölümSonuAlıştırma1", "BölümSonuAlıştırma1\BölümSonuAlıştırma1.csproj", "{318AF837-6E84-45EC-9743-8496B22D48A4}"
EndProject
Project("{FAE04EC0-301F-11D3-BF4B-00C04F79EFBC}") = "BölünSonuAlıştırma2", "BölünSonuAlıştırma2\BölünSonuAlıştırma2.csproj", "{0E822610-E235-4928-A24F-EC15988888A4}"
EndProject
Project("{FAE04EC0-301F-11D3-BF4B-00C04F79EFBC}") = "BölümSonuAlıştırma3", "BölümSonuAlıştırma3\BölümSonuAlıştırma3.csproj", "{9187040F-8871-4C30-A399-EB889B91DCE7}"
EndProject
Global
	GlobalSection(SolutionConfigurationPlatforms) = preSolution
		Debug|Any CPU = Debug|Any CPU
		Release|Any CPU = Release|Any CPU
	EndGlobalSection
	GlobalSection(ProjectConfigurationPlatforms) = postSolution
		{318AF837-6E84-45EC-9743-8496B22D48A4}.Debug|Any CPU.ActiveCfg = Debug|Any CPU
		{318AF837-6E84-45EC-9743-8496B22D48A4}.Debug|Any CPU.Build.0 = Debug|Any CPU
		{318AF837-6E84-45EC-9743-8496B22D48A4}.Release|Any CPU.ActiveCfg = Release|Any CPU
		{318AF837-6E84-45EC-9743-8496B22D48A4}.Release|Any CPU.Build.0 = Release|Any CPU
		{0E822610-E235-4928-A24F-EC15988888A4}.Debug|Any CPU.ActiveCfg = Debug|Any CPU
		{0E822610-E235-4928-A24F-EC15988888A4}.Debug|Any CPU.Build.0 = Debug|Any CPU
		{0E822610-E235-4928-A24F-EC15988888A4}.Release|Any CPU.ActiveCfg = Release|Any CPU
		{0E822610-E235-4928-A24F-EC15988888A4}.Release|Any CPU.Build.0 = Release|Any CPU
		{9187040F-8871-4C30-A399-EB889B91DCE7}.Debug|Any CPU.ActiveCfg = Debug|Any CPU
		{9187040F-8871-4C30-A399-EB889B91DCE7}.Debug|Any CPU.Build.0 = Debug|Any CPU
		{9187040F-8871-4C30-A399-EB889B91DCE7}.Release|Any CPU.ActiveCfg = Release|Any CPU
		{9187040F-8871-4C30-A399-EB889B91DCE7}.Release|Any CPU.Build.0 = Release|Any CPU
	EndGlobalSection
	GlobalSection(SolutionProperties) = preSolution
		HideSolutionNode = FALSE
	EndGlobalSection
	GlobalSection(ExtensibilityGlobals) = postSolution
		SolutionGuid = {97145AA8-44BA-4187-A57B-1F90D90BC044}
	EndGlobalSection
EndGlobal
