
Microsoft Visual Studio Solution File, Format Version 12.00
# Visual Studio Version 17
VisualStudioVersion = 17.14.36414.22 d17.14
MinimumVisualStudioVersion = 10.0.40219.1
Project("{FAE04EC0-301F-11D3-BF4B-00C04F79EFBC}") = "EntityLastPart", "EntityLastPart\EntityLastPart.csproj", "{D748D80C-C93F-4143-A045-E0024F07C63C}"
EndProject
Global
	GlobalSection(SolutionConfigurationPlatforms) = preSolution
		Debug|Any CPU = Debug|Any CPU
		Release|Any CPU = Release|Any CPU
	EndGlobalSection
	GlobalSection(ProjectConfigurationPlatforms) = postSolution
		{D748D80C-C93F-4143-A045-E0024F07C63C}.Debug|Any CPU.ActiveCfg = Debug|Any CPU
		{D748D80C-C93F-4143-A045-E0024F07C63C}.Debug|Any CPU.Build.0 = Debug|Any CPU
		{D748D80C-C93F-4143-A045-E0024F07C63C}.Release|Any CPU.ActiveCfg = Release|Any CPU
		{D748D80C-C93F-4143-A045-E0024F07C63C}.Release|Any CPU.Build.0 = Release|Any CPU
	EndGlobalSection
	GlobalSection(SolutionProperties) = preSolution
		HideSolutionNode = FALSE
	EndGlobalSection
	GlobalSection(ExtensibilityGlobals) = postSolution
		SolutionGuid = {09CCB9E7-9D06-46DC-9AFE-FEE38803380E}
	EndGlobalSection
EndGlobal
