
Microsoft Visual Studio Solution File, Format Version 12.00
# Visual Studio Version 17
VisualStudioVersion = 17.7.34202.233
MinimumVisualStudioVersion = 10.0.40219.1
Project("{FAE04EC0-301F-11D3-BF4B-00C04F79EFBC}") = "ForDöngüsü", "ForDöngüsü\ForDöngüsü.csproj", "{DE3AD504-0C6C-4B93-A2F4-5674D4E56E68}"
EndProject
Project("{FAE04EC0-301F-11D3-BF4B-00C04F79EFBC}") = "ForDöngüsüAlıştırma", "ForDöngüsüAlıştırma\ForDöngüsüAlıştırma.csproj", "{0D952F50-2816-4806-94B5-DFC46E92EF6C}"
EndProject
Project("{FAE04EC0-301F-11D3-BF4B-00C04F79EFBC}") = "ForDöngüsüAlıştırma2", "ForDöngüsüAlıştırma2\ForDöngüsüAlıştırma2.csproj", "{DDBB15C1-79AA-4128-A6AC-052520D32369}"
EndProject
Project("{FAE04EC0-301F-11D3-BF4B-00C04F79EFBC}") = "ForSonsuzDöngü", "ForSonsuzDöngü\ForSonsuzDöngü.csproj", "{3D24862E-5F07-48CD-B706-7579839A22D6}"
EndProject
Project("{FAE04EC0-301F-11D3-BF4B-00C04F79EFBC}") = "İçİçeForDöngüsüKullanımı,", "İçİçeForDöngüsüKullanımı,\İçİçeForDöngüsüKullanımı,.csproj", "{C34D40EE-4A27-47EC-9DAC-FD25CA0E227B}"
EndProject
Project("{FAE04EC0-301F-11D3-BF4B-00C04F79EFBC}") = "İçİçeForDöngüsüAlıştırma", "İçİçeForDöngüsüAlıştırma\İçİçeForDöngüsüAlıştırma.csproj", "{98D217DA-0B56-4964-82A3-17424A98E3D5}"
EndProject
Global
	GlobalSection(SolutionConfigurationPlatforms) = preSolution
		Debug|Any CPU = Debug|Any CPU
		Release|Any CPU = Release|Any CPU
	EndGlobalSection
	GlobalSection(ProjectConfigurationPlatforms) = postSolution
		{DE3AD504-0C6C-4B93-A2F4-5674D4E56E68}.Debug|Any CPU.ActiveCfg = Debug|Any CPU
		{DE3AD504-0C6C-4B93-A2F4-5674D4E56E68}.Debug|Any CPU.Build.0 = Debug|Any CPU
		{DE3AD504-0C6C-4B93-A2F4-5674D4E56E68}.Release|Any CPU.ActiveCfg = Release|Any CPU
		{DE3AD504-0C6C-4B93-A2F4-5674D4E56E68}.Release|Any CPU.Build.0 = Release|Any CPU
		{0D952F50-2816-4806-94B5-DFC46E92EF6C}.Debug|Any CPU.ActiveCfg = Debug|Any CPU
		{0D952F50-2816-4806-94B5-DFC46E92EF6C}.Debug|Any CPU.Build.0 = Debug|Any CPU
		{0D952F50-2816-4806-94B5-DFC46E92EF6C}.Release|Any CPU.ActiveCfg = Release|Any CPU
		{0D952F50-2816-4806-94B5-DFC46E92EF6C}.Release|Any CPU.Build.0 = Release|Any CPU
		{DDBB15C1-79AA-4128-A6AC-052520D32369}.Debug|Any CPU.ActiveCfg = Debug|Any CPU
		{DDBB15C1-79AA-4128-A6AC-052520D32369}.Debug|Any CPU.Build.0 = Debug|Any CPU
		{DDBB15C1-79AA-4128-A6AC-052520D32369}.Release|Any CPU.ActiveCfg = Release|Any CPU
		{DDBB15C1-79AA-4128-A6AC-052520D32369}.Release|Any CPU.Build.0 = Release|Any CPU
		{3D24862E-5F07-48CD-B706-7579839A22D6}.Debug|Any CPU.ActiveCfg = Debug|Any CPU
		{3D24862E-5F07-48CD-B706-7579839A22D6}.Debug|Any CPU.Build.0 = Debug|Any CPU
		{3D24862E-5F07-48CD-B706-7579839A22D6}.Release|Any CPU.ActiveCfg = Release|Any CPU
		{3D24862E-5F07-48CD-B706-7579839A22D6}.Release|Any CPU.Build.0 = Release|Any CPU
		{C34D40EE-4A27-47EC-9DAC-FD25CA0E227B}.Debug|Any CPU.ActiveCfg = Debug|Any CPU
		{C34D40EE-4A27-47EC-9DAC-FD25CA0E227B}.Debug|Any CPU.Build.0 = Debug|Any CPU
		{C34D40EE-4A27-47EC-9DAC-FD25CA0E227B}.Release|Any CPU.ActiveCfg = Release|Any CPU
		{C34D40EE-4A27-47EC-9DAC-FD25CA0E227B}.Release|Any CPU.Build.0 = Release|Any CPU
		{98D217DA-0B56-4964-82A3-17424A98E3D5}.Debug|Any CPU.ActiveCfg = Debug|Any CPU
		{98D217DA-0B56-4964-82A3-17424A98E3D5}.Debug|Any CPU.Build.0 = Debug|Any CPU
		{98D217DA-0B56-4964-82A3-17424A98E3D5}.Release|Any CPU.ActiveCfg = Release|Any CPU
		{98D217DA-0B56-4964-82A3-17424A98E3D5}.Release|Any CPU.Build.0 = Release|Any CPU
	EndGlobalSection
	GlobalSection(SolutionProperties) = preSolution
		HideSolutionNode = FALSE
	EndGlobalSection
	GlobalSection(ExtensibilityGlobals) = postSolution
		SolutionGuid = {06BAB598-F5E7-48ED-99F6-565FFB1653DF}
	EndGlobalSection
EndGlobal
