
Microsoft Visual Studio Solution File, Format Version 12.00
# Visual Studio Version 17
VisualStudioVersion = 17.7.34202.233
MinimumVisualStudioVersion = 10.0.40219.1
Project("{FAE04EC0-301F-11D3-BF4B-00C04F79EFBC}") = "BilinçliTürDönüşümü", "BilinçliTürDönüşümü\BilinçliTürDönüşümü.csproj", "{138F6BD7-8D77-4781-8535-14D15D219BEF}"
EndProject
Global
	GlobalSection(SolutionConfigurationPlatforms) = preSolution
		Debug|Any CPU = Debug|Any CPU
		Release|Any CPU = Release|Any CPU
	EndGlobalSection
	GlobalSection(ProjectConfigurationPlatforms) = postSolution
		{138F6BD7-8D77-4781-8535-14D15D219BEF}.Debug|Any CPU.ActiveCfg = Debug|Any CPU
		{138F6BD7-8D77-4781-8535-14D15D219BEF}.Debug|Any CPU.Build.0 = Debug|Any CPU
		{138F6BD7-8D77-4781-8535-14D15D219BEF}.Release|Any CPU.ActiveCfg = Release|Any CPU
		{138F6BD7-8D77-4781-8535-14D15D219BEF}.Release|Any CPU.Build.0 = Release|Any CPU
	EndGlobalSection
	GlobalSection(SolutionProperties) = preSolution
		HideSolutionNode = FALSE
	EndGlobalSection
	GlobalSection(ExtensibilityGlobals) = postSolution
		SolutionGuid = {2369A9E0-702F-49CF-AEEC-05544C4C5CF5}
	EndGlobalSection
EndGlobal
