
Microsoft Visual Studio Solution File, Format Version 12.00
# Visual Studio Version 17
VisualStudioVersion = 17.7.34202.233
MinimumVisualStudioVersion = 10.0.40219.1
Project("{FAE04EC0-301F-11D3-BF4B-00C04F79EFBC}") = "ÖzelOperatörler", "ÖzelOperatörler\ÖzelOperatörler.csproj", "{ADB69CA5-97A9-4470-BA7E-7DE44C5B02E2}"
EndProject
Global
	GlobalSection(SolutionConfigurationPlatforms) = preSolution
		Debug|Any CPU = Debug|Any CPU
		Release|Any CPU = Release|Any CPU
	EndGlobalSection
	GlobalSection(ProjectConfigurationPlatforms) = postSolution
		{ADB69CA5-97A9-4470-BA7E-7DE44C5B02E2}.Debug|Any CPU.ActiveCfg = Debug|Any CPU
		{ADB69CA5-97A9-4470-BA7E-7DE44C5B02E2}.Debug|Any CPU.Build.0 = Debug|Any CPU
		{ADB69CA5-97A9-4470-BA7E-7DE44C5B02E2}.Release|Any CPU.ActiveCfg = Release|Any CPU
		{ADB69CA5-97A9-4470-BA7E-7DE44C5B02E2}.Release|Any CPU.Build.0 = Release|Any CPU
	EndGlobalSection
	GlobalSection(SolutionProperties) = preSolution
		HideSolutionNode = FALSE
	EndGlobalSection
	GlobalSection(ExtensibilityGlobals) = postSolution
		SolutionGuid = {09FAF0A5-F14F-4FCA-BD4F-CE40733FB481}
	EndGlobalSection
EndGlobal
