
Microsoft Visual Studio Solution File, Format Version 12.00
# Visual Studio Version 17
VisualStudioVersion = 17.14.36401.2 d17.14
MinimumVisualStudioVersion = 10.0.40219.1
Project("{FAE04EC0-301F-11D3-BF4B-00C04F79EFBC}") = "EntityOrnek", "EntityOrnek\EntityOrnek.csproj", "{389D582C-F680-4540-B13C-C22AE4021A43}"
EndProject
Global
	GlobalSection(SolutionConfigurationPlatforms) = preSolution
		Debug|Any CPU = Debug|Any CPU
		Release|Any CPU = Release|Any CPU
	EndGlobalSection
	GlobalSection(ProjectConfigurationPlatforms) = postSolution
		{389D582C-F680-4540-B13C-C22AE4021A43}.Debug|Any CPU.ActiveCfg = Debug|Any CPU
		{389D582C-F680-4540-B13C-C22AE4021A43}.Debug|Any CPU.Build.0 = Debug|Any CPU
		{389D582C-F680-4540-B13C-C22AE4021A43}.Release|Any CPU.ActiveCfg = Release|Any CPU
		{389D582C-F680-4540-B13C-C22AE4021A43}.Release|Any CPU.Build.0 = Release|Any CPU
	EndGlobalSection
	GlobalSection(SolutionProperties) = preSolution
		HideSolutionNode = FALSE
	EndGlobalSection
	GlobalSection(ExtensibilityGlobals) = postSolution
		SolutionGuid = {8DA93E95-D829-428F-9E53-F1945DDD9CF4}
	EndGlobalSection
EndGlobal
